// !$*UTF8*$!
{
	archiveVersion = 1;
	classes = {
	};
	objectVersion = 77;
	objects = {

/* Begin PBXBuildFile section */
		50F560992D62BF0100C88470 /* DomainLayer.framework in Frameworks */ = {isa = PBXBuildFile; fileRef = 50F560982D62BF0100C88470 /* DomainLayer.framework */; };
		50F5609A2D62BF0100C88470 /* DomainLayer.framework in Embed Frameworks */ = {isa = PBXBuildFile; fileRef = 50F560982D62BF0100C88470 /* DomainLayer.framework */; settings = {ATTRIBUTES = (CodeSignOnCopy, RemoveHeadersOnCopy, ); }; };
		50F560AD2D62C71600C88470 /* SDWebImage in Frameworks */ = {isa = PBXBuildFile; productRef = 50F560AC2D62C71600C88470 /* SDWebImage */; };
/* End PBXBuildFile section */

/* Begin PBXContainerItemProxy section */
		50F55F852D62A8D800C88470 /* PBXContainerItemProxy */ = {
			isa = PBXContainerItemProxy;
			containerPortal = 50F55F662D62A8D700C88470 /* Project object */;
			proxyType = 1;
			remoteGlobalIDString = 50F55F6D2D62A8D800C88470;
			remoteInfo = Presentation;
		};
		50F55F8F2D62A8D900C88470 /* PBXContainerItemProxy */ = {
			isa = PBXContainerItemProxy;
			containerPortal = 50F55F662D62A8D700C88470 /* Project object */;
			proxyType = 1;
			remoteGlobalIDString = 50F55F6D2D62A8D800C88470;
			remoteInfo = Presentation;
		};
/* End PBXContainerItemProxy section */

/* Begin PBXCopyFilesBuildPhase section */
		50F5609B2D62BF0100C88470 /* Embed Frameworks */ = {
			isa = PBXCopyFilesBuildPhase;
			buildActionMask = 2147483647;
			dstPath = "";
			dstSubfolderSpec = 10;
			files = (
				50F5609A2D62BF0100C88470 /* DomainLayer.framework in Embed Frameworks */,
			);
			name = "Embed Frameworks";
			runOnlyForDeploymentPostprocessing = 0;
		};
/* End PBXCopyFilesBuildPhase section */

/* Begin PBXFileReference section */
		50F55F6E2D62A8D800C88470 /* Presentation.app */ = {isa = PBXFileReference; explicitFileType = wrapper.application; includeInIndex = 0; path = Presentation.app; sourceTree = BUILT_PRODUCTS_DIR; };
		50F55F842D62A8D800C88470 /* PresentationTests.xctest */ = {isa = PBXFileReference; explicitFileType = wrapper.cfbundle; includeInIndex = 0; path = PresentationTests.xctest; sourceTree = BUILT_PRODUCTS_DIR; };
		50F55F8E2D62A8D800C88470 /* PresentationUITests.xctest */ = {isa = PBXFileReference; explicitFileType = wrapper.cfbundle; includeInIndex = 0; path = PresentationUITests.xctest; sourceTree = BUILT_PRODUCTS_DIR; };
		50F560982D62BF0100C88470 /* DomainLayer.framework */ = {isa = PBXFileReference; explicitFileType = wrapper.framework; path = DomainLayer.framework; sourceTree = BUILT_PRODUCTS_DIR; };
/* End PBXFileReference section */

/* Begin PBXFileSystemSynchronizedBuildFileExceptionSet section */
		50F55F962D62A8D900C88470 /* Exceptions for "Presentation" folder in "Presentation" target */ = {
			isa = PBXFileSystemSynchronizedBuildFileExceptionSet;
			membershipExceptions = (
				Info.plist,
			);
			target = 50F55F6D2D62A8D800C88470 /* Presentation */;
		};
/* End PBXFileSystemSynchronizedBuildFileExceptionSet section */

/* Begin PBXFileSystemSynchronizedRootGroup section */
		50F55F702D62A8D800C88470 /* Presentation */ = {
			isa = PBXFileSystemSynchronizedRootGroup;
			exceptions = (
				50F55F962D62A8D900C88470 /* Exceptions for "Presentation" folder in "Presentation" target */,
			);
			path = Presentation;
			sourceTree = "<group>";
		};
		50F55F872D62A8D800C88470 /* PresentationTests */ = {
			isa = PBXFileSystemSynchronizedRootGroup;
			path = PresentationTests;
			sourceTree = "<group>";
		};
		50F55F912D62A8D900C88470 /* PresentationUITests */ = {
			isa = PBXFileSystemSynchronizedRootGroup;
			path = PresentationUITests;
			sourceTree = "<group>";
		};
/* End PBXFileSystemSynchronizedRootGroup section */

/* Begin PBXFrameworksBuildPhase section */
		50F55F6B2D62A8D800C88470 /* Frameworks */ = {
			isa = PBXFrameworksBuildPhase;
			buildActionMask = 2147483647;
			files = (
				50F560AD2D62C71600C88470 /* SDWebImage in Frameworks */,
				50F560992D62BF0100C88470 /* DomainLayer.framework in Frameworks */,
			);
			runOnlyForDeploymentPostprocessing = 0;
		};
		50F55F812D62A8D800C88470 /* Frameworks */ = {
			isa = PBXFrameworksBuildPhase;
			buildActionMask = 2147483647;
			files = (
			);
			runOnlyForDeploymentPostprocessing = 0;
		};
		50F55F8B2D62A8D800C88470 /* Frameworks */ = {
			isa = PBXFrameworksBuildPhase;
			buildActionMask = 2147483647;
			files = (
			);
			runOnlyForDeploymentPostprocessing = 0;
		};
/* End PBXFrameworksBuildPhase section */

/* Begin PBXGroup section */
		50F55F652D62A8D700C88470 = {
			isa = PBXGroup;
			children = (
				50F55F702D62A8D800C88470 /* Presentation */,
				50F55F872D62A8D800C88470 /* PresentationTests */,
				50F55F912D62A8D900C88470 /* PresentationUITests */,
				50F560972D62BF0100C88470 /* Frameworks */,
				50F55F6F2D62A8D800C88470 /* Products */,
			);
			sourceTree = "<group>";
		};
		50F55F6F2D62A8D800C88470 /* Products */ = {
			isa = PBXGroup;
			children = (
				50F55F6E2D62A8D800C88470 /* Presentation.app */,
				50F55F842D62A8D800C88470 /* PresentationTests.xctest */,
				50F55F8E2D62A8D800C88470 /* PresentationUITests.xctest */,
			);
			name = Products;
			sourceTree = "<group>";
		};
		50F560972D62BF0100C88470 /* Frameworks */ = {
			isa = PBXGroup;
			children = (
				50F560982D62BF0100C88470 /* DomainLayer.framework */,
			);
			name = Frameworks;
			sourceTree = "<group>";
		};
/* End PBXGroup section */

/* Begin PBXNativeTarget section */
		50F55F6D2D62A8D800C88470 /* Presentation */ = {
			isa = PBXNativeTarget;
			buildConfigurationList = 50F55F972D62A8D900C88470 /* Build configuration list for PBXNativeTarget "Presentation" */;
			buildPhases = (
				50F55F6A2D62A8D800C88470 /* Sources */,
				50F55F6B2D62A8D800C88470 /* Frameworks */,
				50F55F6C2D62A8D800C88470 /* Resources */,
				50F5609B2D62BF0100C88470 /* Embed Frameworks */,
			);
			buildRules = (
			);
			dependencies = (
			);
			fileSystemSynchronizedGroups = (
				50F55F702D62A8D800C88470 /* Presentation */,
			);
			name = Presentation;
			packageProductDependencies = (
				50F560AC2D62C71600C88470 /* SDWebImage */,
			);
			productName = Presentation;
			productReference = 50F55F6E2D62A8D800C88470 /* Presentation.app */;
			productType = "com.apple.product-type.application";
		};
		50F55F832D62A8D800C88470 /* PresentationTests */ = {
			isa = PBXNativeTarget;
			buildConfigurationList = 50F55F9C2D62A8D900C88470 /* Build configuration list for PBXNativeTarget "PresentationTests" */;
			buildPhases = (
				50F55F802D62A8D800C88470 /* Sources */,
				50F55F812D62A8D800C88470 /* Frameworks */,
				50F55F822D62A8D800C88470 /* Resources */,
			);
			buildRules = (
			);
			dependencies = (
				50F55F862D62A8D800C88470 /* PBXTargetDependency */,
			);
			fileSystemSynchronizedGroups = (
				50F55F872D62A8D800C88470 /* PresentationTests */,
			);
			name = PresentationTests;
			packageProductDependencies = (
			);
			productName = PresentationTests;
			productReference = 50F55F842D62A8D800C88470 /* PresentationTests.xctest */;
			productType = "com.apple.product-type.bundle.unit-test";
		};
		50F55F8D2D62A8D800C88470 /* PresentationUITests */ = {
			isa = PBXNativeTarget;
			buildConfigurationList = 50F55F9F2D62A8D900C88470 /* Build configuration list for PBXNativeTarget "PresentationUITests" */;
			buildPhases = (
				50F55F8A2D62A8D800C88470 /* Sources */,
				50F55F8B2D62A8D800C88470 /* Frameworks */,
				50F55F8C2D62A8D800C88470 /* Resources */,
			);
			buildRules = (
			);
			dependencies = (
				50F55F902D62A8D900C88470 /* PBXTargetDependency */,
			);
			fileSystemSynchronizedGroups = (
				50F55F912D62A8D900C88470 /* PresentationUITests */,
			);
			name = PresentationUITests;
			packageProductDependencies = (
			);
			productName = PresentationUITests;
			productReference = 50F55F8E2D62A8D800C88470 /* PresentationUITests.xctest */;
			productType = "com.apple.product-type.bundle.ui-testing";
		};
/* End PBXNativeTarget section */

/* Begin PBXProject section */
		50F55F662D62A8D700C88470 /* Project object */ = {
			isa = PBXProject;
			attributes = {
				BuildIndependentTargetsInParallel = 1;
				LastSwiftUpdateCheck = 1620;
				LastUpgradeCheck = 1620;
				TargetAttributes = {
					50F55F6D2D62A8D800C88470 = {
						CreatedOnToolsVersion = 16.2;
					};
					50F55F832D62A8D800C88470 = {
						CreatedOnToolsVersion = 16.2;
						TestTargetID = 50F55F6D2D62A8D800C88470;
					};
					50F55F8D2D62A8D800C88470 = {
						CreatedOnToolsVersion = 16.2;
						TestTargetID = 50F55F6D2D62A8D800C88470;
					};
				};
			};
			buildConfigurationList = 50F55F692D62A8D700C88470 /* Build configuration list for PBXProject "Presentation" */;
			developmentRegion = en;
			hasScannedForEncodings = 0;
			knownRegions = (
				en,
				Base,
			);
			mainGroup = 50F55F652D62A8D700C88470;
			minimizedProjectReferenceProxies = 1;
			packageReferences = (
				50F560AB2D62C71600C88470 /* XCRemoteSwiftPackageReference "SDWebImage" */,
			);
			preferredProjectObjectVersion = 77;
			productRefGroup = 50F55F6F2D62A8D800C88470 /* Products */;
			projectDirPath = "";
			projectRoot = "";
			targets = (
				50F55F6D2D62A8D800C88470 /* Presentation */,
				50F55F832D62A8D800C88470 /* PresentationTests */,
				50F55F8D2D62A8D800C88470 /* PresentationUITests */,
			);
		};
/* End PBXProject section */

/* Begin PBXResourcesBuildPhase section */
		50F55F6C2D62A8D800C88470 /* Resources */ = {
			isa = PBXResourcesBuildPhase;
			buildActionMask = 2147483647;
			files = (
			);
			runOnlyForDeploymentPostprocessing = 0;
		};
		50F55F822D62A8D800C88470 /* Resources */ = {
			isa = PBXResourcesBuildPhase;
			buildActionMask = 2147483647;
			files = (
			);
			runOnlyForDeploymentPostprocessing = 0;
		};
		50F55F8C2D62A8D800C88470 /* Resources */ = {
			isa = PBXResourcesBuildPhase;
			buildActionMask = 2147483647;
			files = (
			);
			runOnlyForDeploymentPostprocessing = 0;
		};
/* End PBXResourcesBuildPhase section */

/* Begin PBXSourcesBuildPhase section */
		50F55F6A2D62A8D800C88470 /* Sources */ = {
			isa = PBXSourcesBuildPhase;
			buildActionMask = 2147483647;
			files = (
			);
			runOnlyForDeploymentPostprocessing = 0;
		};
		50F55F802D62A8D800C88470 /* Sources */ = {
			isa = PBXSourcesBuildPhase;
			buildActionMask = 2147483647;
			files = (
			);
			runOnlyForDeploymentPostprocessing = 0;
		};
		50F55F8A2D62A8D800C88470 /* Sources */ = {
			isa = PBXSourcesBuildPhase;
			buildActionMask = 2147483647;
			files = (
			);
			runOnlyForDeploymentPostprocessing = 0;
		};
/* End PBXSourcesBuildPhase section */

/* Begin PBXTargetDependency section */
		50F55F862D62A8D800C88470 /* PBXTargetDependency */ = {
			isa = PBXTargetDependency;
			target = 50F55F6D2D62A8D800C88470 /* Presentation */;
			targetProxy = 50F55F852D62A8D800C88470 /* PBXContainerItemProxy */;
		};
		50F55F902D62A8D900C88470 /* PBXTargetDependency */ = {
			isa = PBXTargetDependency;
			target = 50F55F6D2D62A8D800C88470 /* Presentation */;
			targetProxy = 50F55F8F2D62A8D900C88470 /* PBXContainerItemProxy */;
		};
/* End PBXTargetDependency section */

/* Begin XCBuildConfiguration section */
		50F55F982D62A8D900C88470 /* Debug */ = {
			isa = XCBuildConfiguration;
			buildSettings = {
				ASSETCATALOG_COMPILER_APPICON_NAME = AppIcon;
				ASSETCATALOG_COMPILER_GLOBAL_ACCENT_COLOR_NAME = AccentColor;
				CODE_SIGN_STYLE = Automatic;
				CURRENT_PROJECT_VERSION = 1;
				GENERATE_INFOPLIST_FILE = YES;
				INFOPLIST_FILE = Presentation/Info.plist;
				INFOPLIST_KEY_CFBundleDisplayName = Pokedex;
				INFOPLIST_KEY_UIApplicationSupportsIndirectInputEvents = YES;
				INFOPLIST_KEY_UILaunchStoryboardName = LaunchScreen;
				INFOPLIST_KEY_UISupportedInterfaceOrientations_iPad = "UIInterfaceOrientationPortrait UIInterfaceOrientationPortraitUpsideDown UIInterfaceOrientationLandscapeLeft UIInterfaceOrientationLandscapeRight";
				INFOPLIST_KEY_UISupportedInterfaceOrientations_iPhone = "UIInterfaceOrientationPortrait UIInterfaceOrientationLandscapeLeft UIInterfaceOrientationLandscapeRight";
				LD_RUNPATH_SEARCH_PATHS = (
					"$(inherited)",
					"@executable_path/Frameworks",
				);
				MARKETING_VERSION = 1.0;
				PRODUCT_BUNDLE_IDENTIFIER = com.jcapasix.Presentation;
				PRODUCT_NAME = "$(TARGET_NAME)";
				SWIFT_EMIT_LOC_STRINGS = YES;
				SWIFT_VERSION = 5.0;
				TARGETED_DEVICE_FAMILY = "1,2";
			};
			name = Debug;
		};
		50F55F992D62A8D900C88470 /* Release */ = {
			isa = XCBuildConfiguration;
			buildSettings = {
				ASSETCATALOG_COMPILER_APPICON_NAME = AppIcon;
				ASSETCATALOG_COMPILER_GLOBAL_ACCENT_COLOR_NAME = AccentColor;
				CODE_SIGN_STYLE = Automatic;
				CURRENT_PROJECT_VERSION = 1;
				GENERATE_INFOPLIST_FILE = YES;
				INFOPLIST_FILE = Presentation/Info.plist;
				INFOPLIST_KEY_CFBundleDisplayName = Pokedex;
				INFOPLIST_KEY_UIApplicationSupportsIndirectInputEvents = YES;
				INFOPLIST_KEY_UILaunchStoryboardName = LaunchScreen;
				INFOPLIST_KEY_UISupportedInterfaceOrientations_iPad = "UIInterfaceOrientationPortrait UIInterfaceOrientationPortraitUpsideDown UIInterfaceOrientationLandscapeLeft UIInterfaceOrientationLandscapeRight";
				INFOPLIST_KEY_UISupportedInterfaceOrientations_iPhone = "UIInterfaceOrientationPortrait UIInterfaceOrientationLandscapeLeft UIInterfaceOrientationLandscapeRight";
				LD_RUNPATH_SEARCH_PATHS = (
					"$(inherited)",
					"@executable_path/Frameworks",
				);
				MARKETING_VERSION = 1.0;
				PRODUCT_BUNDLE_IDENTIFIER = com.jcapasix.Presentation;
				PRODUCT_NAME = "$(TARGET_NAME)";
				SWIFT_EMIT_LOC_STRINGS = YES;
				SWIFT_VERSION = 5.0;
				TARGETED_DEVICE_FAMILY = "1,2";
			};
			name = Release;
		};
		50F55F9A2D62A8D900C88470 /* Debug */ = {
			isa = XCBuildConfiguration;
			buildSettings = {
				ALWAYS_SEARCH_USER_PATHS = NO;
				ASSETCATALOG_COMPILER_GENERATE_SWIFT_ASSET_SYMBOL_EXTENSIONS = YES;
				CLANG_ANALYZER_NONNULL = YES;
				CLANG_ANALYZER_NUMBER_OBJECT_CONVERSION = YES_AGGRESSIVE;
				CLANG_CXX_LANGUAGE_STANDARD = "gnu++20";
				CLANG_ENABLE_MODULES = YES;
				CLANG_ENABLE_OBJC_ARC = YES;
				CLANG_ENABLE_OBJC_WEAK = YES;
				CLANG_WARN_BLOCK_CAPTURE_AUTORELEASING = YES;
				CLANG_WARN_BOOL_CONVERSION = YES;
				CLANG_WARN_COMMA = YES;
				CLANG_WARN_CONSTANT_CONVERSION = YES;
				CLANG_WARN_DEPRECATED_OBJC_IMPLEMENTATIONS = YES;
				CLANG_WARN_DIRECT_OBJC_ISA_USAGE = YES_ERROR;
				CLANG_WARN_DOCUMENTATION_COMMENTS = YES;
				CLANG_WARN_EMPTY_BODY = YES;
				CLANG_WARN_ENUM_CONVERSION = YES;
				CLANG_WARN_INFINITE_RECURSION = YES;
				CLANG_WARN_INT_CONVERSION = YES;
				CLANG_WARN_NON_LITERAL_NULL_CONVERSION = YES;
				CLANG_WARN_OBJC_IMPLICIT_RETAIN_SELF = YES;
				CLANG_WARN_OBJC_LITERAL_CONVERSION = YES;
				CLANG_WARN_OBJC_ROOT_CLASS = YES_ERROR;
				CLANG_WARN_QUOTED_INCLUDE_IN_FRAMEWORK_HEADER = YES;
				CLANG_WARN_RANGE_LOOP_ANALYSIS = YES;
				CLANG_WARN_STRICT_PROTOTYPES = YES;
				CLANG_WARN_SUSPICIOUS_MOVE = YES;
				CLANG_WARN_UNGUARDED_AVAILABILITY = YES_AGGRESSIVE;
				CLANG_WARN_UNREACHABLE_CODE = YES;
				CLANG_WARN__DUPLICATE_METHOD_MATCH = YES;
				COPY_PHASE_STRIP = NO;
				DEBUG_INFORMATION_FORMAT = dwarf;
				ENABLE_STRICT_OBJC_MSGSEND = YES;
				ENABLE_TESTABILITY = YES;
				ENABLE_USER_SCRIPT_SANDBOXING = YES;
				GCC_C_LANGUAGE_STANDARD = gnu17;
				GCC_DYNAMIC_NO_PIC = NO;
				GCC_NO_COMMON_BLOCKS = YES;
				GCC_OPTIMIZATION_LEVEL = 0;
				GCC_PREPROCESSOR_DEFINITIONS = (
					"DEBUG=1",
					"$(inherited)",
				);
				GCC_WARN_64_TO_32_BIT_CONVERSION = YES;
				GCC_WARN_ABOUT_RETURN_TYPE = YES_ERROR;
				GCC_WARN_UNDECLARED_SELECTOR = YES;
				GCC_WARN_UNINITIALIZED_AUTOS = YES_AGGRESSIVE;
				GCC_WARN_UNUSED_FUNCTION = YES;
				GCC_WARN_UNUSED_VARIABLE = YES;
				IPHONEOS_DEPLOYMENT_TARGET = 18.2;
				LOCALIZATION_PREFERS_STRING_CATALOGS = YES;
				MTL_ENABLE_DEBUG_INFO = INCLUDE_SOURCE;
				MTL_FAST_MATH = YES;
				ONLY_ACTIVE_ARCH = YES;
				SDKROOT = iphoneos;
				SWIFT_ACTIVE_COMPILATION_CONDITIONS = "DEBUG $(inherited)";
				SWIFT_OPTIMIZATION_LEVEL = "-Onone";
			};
			name = Debug;
		};
		50F55F9B2D62A8D900C88470 /* Release */ = {
			isa = XCBuildConfiguration;
			buildSettings = {
				ALWAYS_SEARCH_USER_PATHS = NO;
				ASSETCATALOG_COMPILER_GENERATE_SWIFT_ASSET_SYMBOL_EXTENSIONS = YES;
				CLANG_ANALYZER_NONNULL = YES;
				CLANG_ANALYZER_NUMBER_OBJECT_CONVERSION = YES_AGGRESSIVE;
				CLANG_CXX_LANGUAGE_STANDARD = "gnu++20";
				CLANG_ENABLE_MODULES = YES;
				CLANG_ENABLE_OBJC_ARC = YES;
				CLANG_ENABLE_OBJC_WEAK = YES;
				CLANG_WARN_BLOCK_CAPTURE_AUTORELEASING = YES;
				CLANG_WARN_BOOL_CONVERSION = YES;
				CLANG_WARN_COMMA = YES;
				CLANG_WARN_CONSTANT_CONVERSION = YES;
				CLANG_WARN_DEPRECATED_OBJC_IMPLEMENTATIONS = YES;
				CLANG_WARN_DIRECT_OBJC_ISA_USAGE = YES_ERROR;
				CLANG_WARN_DOCUMENTATION_COMMENTS = YES;
				CLANG_WARN_EMPTY_BODY = YES;
				CLANG_WARN_ENUM_CONVERSION = YES;
				CLANG_WARN_INFINITE_RECURSION = YES;
				CLANG_WARN_INT_CONVERSION = YES;
				CLANG_WARN_NON_LITERAL_NULL_CONVERSION = YES;
				CLANG_WARN_OBJC_IMPLICIT_RETAIN_SELF = YES;
				CLANG_WARN_OBJC_LITERAL_CONVERSION = YES;
				CLANG_WARN_OBJC_ROOT_CLASS = YES_ERROR;
				CLANG_WARN_QUOTED_INCLUDE_IN_FRAMEWORK_HEADER = YES;
				CLANG_WARN_RANGE_LOOP_ANALYSIS = YES;
				CLANG_WARN_STRICT_PROTOTYPES = YES;
				CLANG_WARN_SUSPICIOUS_MOVE = YES;
				CLANG_WARN_UNGUARDED_AVAILABILITY = YES_AGGRESSIVE;
				CLANG_WARN_UNREACHABLE_CODE = YES;
				CLANG_WARN__DUPLICATE_METHOD_MATCH = YES;
				COPY_PHASE_STRIP = NO;
				DEBUG_INFORMATION_FORMAT = "dwarf-with-dsym";
				ENABLE_NS_ASSERTIONS = NO;
				ENABLE_STRICT_OBJC_MSGSEND = YES;
				ENABLE_USER_SCRIPT_SANDBOXING = YES;
				GCC_C_LANGUAGE_STANDARD = gnu17;
				GCC_NO_COMMON_BLOCKS = YES;
				GCC_WARN_64_TO_32_BIT_CONVERSION = YES;
				GCC_WARN_ABOUT_RETURN_TYPE = YES_ERROR;
				GCC_WARN_UNDECLARED_SELECTOR = YES;
				GCC_WARN_UNINITIALIZED_AUTOS = YES_AGGRESSIVE;
				GCC_WARN_UNUSED_FUNCTION = YES;
				GCC_WARN_UNUSED_VARIABLE = YES;
				IPHONEOS_DEPLOYMENT_TARGET = 18.2;
				LOCALIZATION_PREFERS_STRING_CATALOGS = YES;
				MTL_ENABLE_DEBUG_INFO = NO;
				MTL_FAST_MATH = YES;
				SDKROOT = iphoneos;
				SWIFT_COMPILATION_MODE = wholemodule;
				VALIDATE_PRODUCT = YES;
			};
			name = Release;
		};
		50F55F9D2D62A8D900C88470 /* Debug */ = {
			isa = XCBuildConfiguration;
			buildSettings = {
				BUNDLE_LOADER = "$(TEST_HOST)";
				CODE_SIGN_STYLE = Automatic;
				CURRENT_PROJECT_VERSION = 1;
				GENERATE_INFOPLIST_FILE = YES;
				IPHONEOS_DEPLOYMENT_TARGET = 18.2;
				MARKETING_VERSION = 1.0;
				PRODUCT_BUNDLE_IDENTIFIER = com.jcapasix.PresentationTests;
				PRODUCT_NAME = "$(TARGET_NAME)";
				SWIFT_EMIT_LOC_STRINGS = NO;
				SWIFT_VERSION = 5.0;
				TARGETED_DEVICE_FAMILY = "1,2";
				TEST_HOST = "$(BUILT_PRODUCTS_DIR)/Presentation.app/$(BUNDLE_EXECUTABLE_FOLDER_PATH)/Presentation";
			};
			name = Debug;
		};
		50F55F9E2D62A8D900C88470 /* Release */ = {
			isa = XCBuildConfiguration;
			buildSettings = {
				BUNDLE_LOADER = "$(TEST_HOST)";
				CODE_SIGN_STYLE = Automatic;
				CURRENT_PROJECT_VERSION = 1;
				GENERATE_INFOPLIST_FILE = YES;
				IPHONEOS_DEPLOYMENT_TARGET = 18.2;
				MARKETING_VERSION = 1.0;
				PRODUCT_BUNDLE_IDENTIFIER = com.jcapasix.PresentationTests;
				PRODUCT_NAME = "$(TARGET_NAME)";
				SWIFT_EMIT_LOC_STRINGS = NO;
				SWIFT_VERSION = 5.0;
				TARGETED_DEVICE_FAMILY = "1,2";
				TEST_HOST = "$(BUILT_PRODUCTS_DIR)/Presentation.app/$(BUNDLE_EXECUTABLE_FOLDER_PATH)/Presentation";
			};
			name = Release;
		};
		50F55FA02D62A8D900C88470 /* Debug */ = {
			isa = XCBuildConfiguration;
			buildSettings = {
				CODE_SIGN_STYLE = Automatic;
				CURRENT_PROJECT_VERSION = 1;
				GENERATE_INFOPLIST_FILE = YES;
				MARKETING_VERSION = 1.0;
				PRODUCT_BUNDLE_IDENTIFIER = com.jcapasix.PresentationUITests;
				PRODUCT_NAME = "$(TARGET_NAME)";
				SWIFT_EMIT_LOC_STRINGS = NO;
				SWIFT_VERSION = 5.0;
				TARGETED_DEVICE_FAMILY = "1,2";
				TEST_TARGET_NAME = Presentation;
			};
			name = Debug;
		};
		50F55FA12D62A8D900C88470 /* Release */ = {
			isa = XCBuildConfiguration;
			buildSettings = {
				CODE_SIGN_STYLE = Automatic;
				CURRENT_PROJECT_VERSION = 1;
				GENERATE_INFOPLIST_FILE = YES;
				MARKETING_VERSION = 1.0;
				PRODUCT_BUNDLE_IDENTIFIER = com.jcapasix.PresentationUITests;
				PRODUCT_NAME = "$(TARGET_NAME)";
				SWIFT_EMIT_LOC_STRINGS = NO;
				SWIFT_VERSION = 5.0;
				TARGETED_DEVICE_FAMILY = "1,2";
				TEST_TARGET_NAME = Presentation;
			};
			name = Release;
		};
/* End XCBuildConfiguration section */

/* Begin XCConfigurationList section */
		50F55F692D62A8D700C88470 /* Build configuration list for PBXProject "Presentation" */ = {
			isa = XCConfigurationList;
			buildConfigurations = (
				50F55F9A2D62A8D900C88470 /* Debug */,
				50F55F9B2D62A8D900C88470 /* Release */,
			);
			defaultConfigurationIsVisible = 0;
			defaultConfigurationName = Release;
		};
		50F55F972D62A8D900C88470 /* Build configuration list for PBXNativeTarget "Presentation" */ = {
			isa = XCConfigurationList;
			buildConfigurations = (
				50F55F982D62A8D900C88470 /* Debug */,
				50F55F992D62A8D900C88470 /* Release */,
			);
			defaultConfigurationIsVisible = 0;
			defaultConfigurationName = Release;
		};
		50F55F9C2D62A8D900C88470 /* Build configuration list for PBXNativeTarget "PresentationTests" */ = {
			isa = XCConfigurationList;
			buildConfigurations = (
				50F55F9D2D62A8D900C88470 /* Debug */,
				50F55F9E2D62A8D900C88470 /* Release */,
			);
			defaultConfigurationIsVisible = 0;
			defaultConfigurationName = Release;
		};
		50F55F9F2D62A8D900C88470 /* Build configuration list for PBXNativeTarget "PresentationUITests" */ = {
			isa = XCConfigurationList;
			buildConfigurations = (
				50F55FA02D62A8D900C88470 /* Debug */,
				50F55FA12D62A8D900C88470 /* Release */,
			);
			defaultConfigurationIsVisible = 0;
			defaultConfigurationName = Release;
		};
/* End XCConfigurationList section */

/* Begin XCRemoteSwiftPackageReference section */
		50F560AB2D62C71600C88470 /* XCRemoteSwiftPackageReference "SDWebImage" */ = {
			isa = XCRemoteSwiftPackageReference;
			repositoryURL = "https://github.com/SDWebImage/SDWebImage.git";
			requirement = {
				kind = upToNextMajorVersion;
				minimumVersion = 5.20.0;
			};
		};
/* End XCRemoteSwiftPackageReference section */

/* Begin XCSwiftPackageProductDependency section */
		50F560AC2D62C71600C88470 /* SDWebImage */ = {
			isa = XCSwiftPackageProductDependency;
			package = 50F560AB2D62C71600C88470 /* XCRemoteSwiftPackageReference "SDWebImage" */;
			productName = SDWebImage;
		};
/* End XCSwiftPackageProductDependency section */
	};
	rootObject = 50F55F662D62A8D700C88470 /* Project object */;
}
